
Microsoft Visual Studio Solution File, Format Version 12.00
# Visual Studio Version 17
VisualStudioVersion = 17.7.34302.85
MinimumVisualStudioVersion = 10.0.40219.1
Project("{FAE04EC0-301F-11D3-BF4B-00C04F79EFBC}") = "ArrayÜbung", "ArrayÜbung\ArrayÜbung.csproj", "{F68DDE8C-5133-4B7A-AB56-F13E86099A86}"
EndProject
Global
	GlobalSection(SolutionConfigurationPlatforms) = preSolution
		Debug|Any CPU = Debug|Any CPU
		Release|Any CPU = Release|Any CPU
	EndGlobalSection
	GlobalSection(ProjectConfigurationPlatforms) = postSolution
		{F68DDE8C-5133-4B7A-AB56-F13E86099A86}.Debug|Any CPU.ActiveCfg = Debug|Any CPU
		{F68DDE8C-5133-4B7A-AB56-F13E86099A86}.Debug|Any CPU.Build.0 = Debug|Any CPU
		{F68DDE8C-5133-4B7A-AB56-F13E86099A86}.Release|Any CPU.ActiveCfg = Release|Any CPU
		{F68DDE8C-5133-4B7A-AB56-F13E86099A86}.Release|Any CPU.Build.0 = Release|Any CPU
	EndGlobalSection
	GlobalSection(SolutionProperties) = preSolution
		HideSolutionNode = FALSE
	EndGlobalSection
	GlobalSection(ExtensibilityGlobals) = postSolution
		SolutionGuid = {BA9159BA-47A9-4FEB-9B7C-E1E46B10559B}
	EndGlobalSection
EndGlobal
